
Microsoft Visual Studio Solution File, Format Version 12.00
# Visual Studio Version 16
VisualStudioVersion = 16.0.31229.75
MinimumVisualStudioVersion = 10.0.40219.1
Project("{FAE04EC0-301F-11D3-BF4B-00C04F79EFBC}") = "WorkingHelper", "WorkingHelper.csproj", "{5E3948BC-85C1-46A7-A672-C57CDBF00179}"
EndProject
Project("{FAE04EC0-301F-11D3-BF4B-00C04F79EFBC}") = "WorkingHelperForms", "..\WorkingHelperForms\WorkingHelperForms.csproj", "{8ECC9BED-E93F-4AD9-8A25-47F16E5F6BE4}"
EndProject
Global
	GlobalSection(SolutionConfigurationPlatforms) = preSolution
		Debug|Any CPU = Debug|Any CPU
		Release|Any CPU = Release|Any CPU
	EndGlobalSection
	GlobalSection(ProjectConfigurationPlatforms) = postSolution
		{5E3948BC-85C1-46A7-A672-C57CDBF00179}.Debug|Any CPU.ActiveCfg = Debug|Any CPU
		{5E3948BC-85C1-46A7-A672-C57CDBF00179}.Debug|Any CPU.Build.0 = Debug|Any CPU
		{5E3948BC-85C1-46A7-A672-C57CDBF00179}.Release|Any CPU.ActiveCfg = Release|Any CPU
		{5E3948BC-85C1-46A7-A672-C57CDBF00179}.Release|Any CPU.Build.0 = Release|Any CPU
		{8ECC9BED-E93F-4AD9-8A25-47F16E5F6BE4}.Debug|Any CPU.ActiveCfg = Debug|Any CPU
		{8ECC9BED-E93F-4AD9-8A25-47F16E5F6BE4}.Debug|Any CPU.Build.0 = Debug|Any CPU
		{8ECC9BED-E93F-4AD9-8A25-47F16E5F6BE4}.Release|Any CPU.ActiveCfg = Release|Any CPU
		{8ECC9BED-E93F-4AD9-8A25-47F16E5F6BE4}.Release|Any CPU.Build.0 = Release|Any CPU
	EndGlobalSection
	GlobalSection(SolutionProperties) = preSolution
		HideSolutionNode = FALSE
	EndGlobalSection
	GlobalSection(ExtensibilityGlobals) = postSolution
		SolutionGuid = {833A27F9-312A-4479-8BBE-A10402909611}
	EndGlobalSection
EndGlobal
